{
  "requires": true,
  "lockfileVersion": 1,
  "dependencies": {
    "@nathanfriend/vue-terminal": {
      "version": "1.0.2",
      "resolved": "https://registry.npmjs.org/@nathanfriend/vue-terminal/-/vue-terminal-1.0.2.tgz",
      "integrity": "sha512-bPBUMvg80w+UNc0nmNm+wGxFaVgTisLjkEzc9MBPG22tqeg/PSwcWgRhs/LSp4hQ9YUO6+Mo3/4mr+WFfKt0bA=="
    }
  }
}
